
Microsoft Visual Studio Solution File, Format Version 12.00
# Visual Studio Version 16
VisualStudioVersion = 16.0.31129.286
MinimumVisualStudioVersion = 10.0.40219.1
Project("{FAE04EC0-301F-11D3-BF4B-00C04F79EFBC}") = "BooksStoreForms", "BooksStoreForms\BooksStoreForms.csproj", "{15F976A3-777D-4F3A-91FE-14AB4BEFEB22}"
EndProject
Global
	GlobalSection(SolutionConfigurationPlatforms) = preSolution
		Debug|Any CPU = Debug|Any CPU
		Release|Any CPU = Release|Any CPU
	EndGlobalSection
	GlobalSection(ProjectConfigurationPlatforms) = postSolution
		{15F976A3-777D-4F3A-91FE-14AB4BEFEB22}.Debug|Any CPU.ActiveCfg = Debug|Any CPU
		{15F976A3-777D-4F3A-91FE-14AB4BEFEB22}.Debug|Any CPU.Build.0 = Debug|Any CPU
		{15F976A3-777D-4F3A-91FE-14AB4BEFEB22}.Release|Any CPU.ActiveCfg = Release|Any CPU
		{15F976A3-777D-4F3A-91FE-14AB4BEFEB22}.Release|Any CPU.Build.0 = Release|Any CPU
	EndGlobalSection
	GlobalSection(SolutionProperties) = preSolution
		HideSolutionNode = FALSE
	EndGlobalSection
	GlobalSection(ExtensibilityGlobals) = postSolution
		SolutionGuid = {137F241A-E708-40C4-9B00-BA3583467C08}
	EndGlobalSection
EndGlobal
