
Microsoft Visual Studio Solution File, Format Version 12.00
# Visual Studio Version 17
VisualStudioVersion = 17.0.32112.339
MinimumVisualStudioVersion = 10.0.40219.1
Project("{FAE04EC0-301F-11D3-BF4B-00C04F79EFBC}") = "BorkoLab", "BorkoLab\BorkoLab.csproj", "{B46D96A4-CC63-49ED-91BF-EC72AC4358FC}"
EndProject
Global
	GlobalSection(SolutionConfigurationPlatforms) = preSolution
		Debug|Any CPU = Debug|Any CPU
		Release|Any CPU = Release|Any CPU
	EndGlobalSection
	GlobalSection(ProjectConfigurationPlatforms) = postSolution
		{B46D96A4-CC63-49ED-91BF-EC72AC4358FC}.Debug|Any CPU.ActiveCfg = Debug|Any CPU
		{B46D96A4-CC63-49ED-91BF-EC72AC4358FC}.Debug|Any CPU.Build.0 = Debug|Any CPU
		{B46D96A4-CC63-49ED-91BF-EC72AC4358FC}.Release|Any CPU.ActiveCfg = Release|Any CPU
		{B46D96A4-CC63-49ED-91BF-EC72AC4358FC}.Release|Any CPU.Build.0 = Release|Any CPU
	EndGlobalSection
	GlobalSection(SolutionProperties) = preSolution
		HideSolutionNode = FALSE
	EndGlobalSection
	GlobalSection(ExtensibilityGlobals) = postSolution
		SolutionGuid = {45B7D8A4-F153-49AA-9F14-6AE7F83E784F}
	EndGlobalSection
EndGlobal
