
Microsoft Visual Studio Solution File, Format Version 12.00
# Visual Studio Version 16
VisualStudioVersion = 16.0.30523.141
MinimumVisualStudioVersion = 10.0.40219.1
Project("{FAE04EC0-301F-11D3-BF4B-00C04F79EFBC}") = "Coffee", "Coffee\Coffee.csproj", "{7A99CAD2-6BB8-4A86-913D-391B14775F27}"
EndProject
Project("{FAE04EC0-301F-11D3-BF4B-00C04F79EFBC}") = "Cafe", "Cafe\Cafe.csproj", "{7D1F6610-9974-4067-9DB2-05FDD10BB2A3}"
EndProject
Global
	GlobalSection(SolutionConfigurationPlatforms) = preSolution
		Debug|Any CPU = Debug|Any CPU
		Release|Any CPU = Release|Any CPU
	EndGlobalSection
	GlobalSection(ProjectConfigurationPlatforms) = postSolution
		{7A99CAD2-6BB8-4A86-913D-391B14775F27}.Debug|Any CPU.ActiveCfg = Debug|Any CPU
		{7A99CAD2-6BB8-4A86-913D-391B14775F27}.Debug|Any CPU.Build.0 = Debug|Any CPU
		{7A99CAD2-6BB8-4A86-913D-391B14775F27}.Release|Any CPU.ActiveCfg = Release|Any CPU
		{7A99CAD2-6BB8-4A86-913D-391B14775F27}.Release|Any CPU.Build.0 = Release|Any CPU
		{7D1F6610-9974-4067-9DB2-05FDD10BB2A3}.Debug|Any CPU.ActiveCfg = Debug|Any CPU
		{7D1F6610-9974-4067-9DB2-05FDD10BB2A3}.Debug|Any CPU.Build.0 = Debug|Any CPU
		{7D1F6610-9974-4067-9DB2-05FDD10BB2A3}.Release|Any CPU.ActiveCfg = Release|Any CPU
		{7D1F6610-9974-4067-9DB2-05FDD10BB2A3}.Release|Any CPU.Build.0 = Release|Any CPU
	EndGlobalSection
	GlobalSection(SolutionProperties) = preSolution
		HideSolutionNode = FALSE
	EndGlobalSection
	GlobalSection(ExtensibilityGlobals) = postSolution
		SolutionGuid = {EF59BADC-4638-4270-8D7F-84752C368EE6}
	EndGlobalSection
EndGlobal
