
Microsoft Visual Studio Solution File, Format Version 12.00
# Visual Studio Version 16
VisualStudioVersion = 16.0.31129.286
MinimumVisualStudioVersion = 10.0.40219.1
Project("{9A19103F-16F7-4668-BE54-9A1E7A4F7556}") = "ExKatya120421", "ExKatya120421\ExKatya120421.csproj", "{B8E2B003-8C12-4699-814A-A4C38EE3CFD9}"
EndProject
Project("{FAE04EC0-301F-11D3-BF4B-00C04F79EFBC}") = "SickCountInRuseEx", "SickCountInRuseEx\SickCountInRuseEx.csproj", "{9112976E-6E4A-4B2C-80E4-B973CF67AD0F}"
EndProject
Global
	GlobalSection(SolutionConfigurationPlatforms) = preSolution
		Debug|Any CPU = Debug|Any CPU
		Release|Any CPU = Release|Any CPU
	EndGlobalSection
	GlobalSection(ProjectConfigurationPlatforms) = postSolution
		{B8E2B003-8C12-4699-814A-A4C38EE3CFD9}.Debug|Any CPU.ActiveCfg = Debug|Any CPU
		{B8E2B003-8C12-4699-814A-A4C38EE3CFD9}.Debug|Any CPU.Build.0 = Debug|Any CPU
		{B8E2B003-8C12-4699-814A-A4C38EE3CFD9}.Release|Any CPU.ActiveCfg = Release|Any CPU
		{B8E2B003-8C12-4699-814A-A4C38EE3CFD9}.Release|Any CPU.Build.0 = Release|Any CPU
		{9112976E-6E4A-4B2C-80E4-B973CF67AD0F}.Debug|Any CPU.ActiveCfg = Debug|Any CPU
		{9112976E-6E4A-4B2C-80E4-B973CF67AD0F}.Debug|Any CPU.Build.0 = Debug|Any CPU
		{9112976E-6E4A-4B2C-80E4-B973CF67AD0F}.Release|Any CPU.ActiveCfg = Release|Any CPU
		{9112976E-6E4A-4B2C-80E4-B973CF67AD0F}.Release|Any CPU.Build.0 = Release|Any CPU
	EndGlobalSection
	GlobalSection(SolutionProperties) = preSolution
		HideSolutionNode = FALSE
	EndGlobalSection
	GlobalSection(ExtensibilityGlobals) = postSolution
		SolutionGuid = {97073B25-2D90-421D-B6C0-CD6528D1DF9B}
	EndGlobalSection
EndGlobal
