
Microsoft Visual Studio Solution File, Format Version 12.00
# Visual Studio Version 16
VisualStudioVersion = 16.0.30621.155
MinimumVisualStudioVersion = 10.0.40219.1
Project("{888888A0-9F3D-457C-B088-3A5042F75D52}") = "Analogue Clock", "Analogue Clock\Analogue Clock.pyproj", "{2882BEC0-3CBA-4F04-B5A6-42619CE3139A}"
EndProject
Global
	GlobalSection(SolutionConfigurationPlatforms) = preSolution
		Debug|Any CPU = Debug|Any CPU
		Release|Any CPU = Release|Any CPU
	EndGlobalSection
	GlobalSection(ProjectConfigurationPlatforms) = postSolution
		{2882BEC0-3CBA-4F04-B5A6-42619CE3139A}.Debug|Any CPU.ActiveCfg = Debug|Any CPU
		{2882BEC0-3CBA-4F04-B5A6-42619CE3139A}.Release|Any CPU.ActiveCfg = Release|Any CPU
	EndGlobalSection
	GlobalSection(SolutionProperties) = preSolution
		HideSolutionNode = FALSE
	EndGlobalSection
	GlobalSection(ExtensibilityGlobals) = postSolution
		SolutionGuid = {E479BAC1-435F-4C31-9FC1-167DCD65B62E}
	EndGlobalSection
EndGlobal
