
Microsoft Visual Studio Solution File, Format Version 12.00
# Visual Studio Version 16
VisualStudioVersion = 16.0.30621.155
MinimumVisualStudioVersion = 10.0.40219.1
Project("{FAE04EC0-301F-11D3-BF4B-00C04F79EFBC}") = "howto_wpf_graph_user_equation", "howto_wpf_graph_user_equation.csproj", "{8BB1E7B3-957F-4164-8FEE-2774528EB332}"
EndProject
Global
	GlobalSection(SolutionConfigurationPlatforms) = preSolution
		Debug|Any CPU = Debug|Any CPU
		Release|Any CPU = Release|Any CPU
	EndGlobalSection
	GlobalSection(ProjectConfigurationPlatforms) = postSolution
		{8BB1E7B3-957F-4164-8FEE-2774528EB332}.Debug|Any CPU.ActiveCfg = Debug|Any CPU
		{8BB1E7B3-957F-4164-8FEE-2774528EB332}.Debug|Any CPU.Build.0 = Debug|Any CPU
		{8BB1E7B3-957F-4164-8FEE-2774528EB332}.Release|Any CPU.ActiveCfg = Release|Any CPU
		{8BB1E7B3-957F-4164-8FEE-2774528EB332}.Release|Any CPU.Build.0 = Release|Any CPU
	EndGlobalSection
	GlobalSection(SolutionProperties) = preSolution
		HideSolutionNode = FALSE
	EndGlobalSection
	GlobalSection(ExtensibilityGlobals) = postSolution
		SolutionGuid = {37477A82-460A-4E57-9919-4C6008AA1024}
	EndGlobalSection
EndGlobal
