
Microsoft Visual Studio Solution File, Format Version 12.00
# Visual Studio Version 16
VisualStudioVersion = 16.0.30523.141
MinimumVisualStudioVersion = 10.0.40219.1
Project("{FAE04EC0-301F-11D3-BF4B-00C04F79EFBC}") = "Rectangle", "Rectangle\Rectangle.csproj", "{1B115406-2705-4917-8FD1-DB9B4A64E11A}"
EndProject
Global
	GlobalSection(SolutionConfigurationPlatforms) = preSolution
		Debug|Any CPU = Debug|Any CPU
		Release|Any CPU = Release|Any CPU
	EndGlobalSection
	GlobalSection(ProjectConfigurationPlatforms) = postSolution
		{1B115406-2705-4917-8FD1-DB9B4A64E11A}.Debug|Any CPU.ActiveCfg = Debug|Any CPU
		{1B115406-2705-4917-8FD1-DB9B4A64E11A}.Debug|Any CPU.Build.0 = Debug|Any CPU
		{1B115406-2705-4917-8FD1-DB9B4A64E11A}.Release|Any CPU.ActiveCfg = Release|Any CPU
		{1B115406-2705-4917-8FD1-DB9B4A64E11A}.Release|Any CPU.Build.0 = Release|Any CPU
	EndGlobalSection
	GlobalSection(SolutionProperties) = preSolution
		HideSolutionNode = FALSE
	EndGlobalSection
	GlobalSection(ExtensibilityGlobals) = postSolution
		SolutionGuid = {3D45C0F9-C5AC-4544-B22E-042041631276}
	EndGlobalSection
EndGlobal
