
Microsoft Visual Studio Solution File, Format Version 12.00
# Visual Studio Version 17
VisualStudioVersion = 17.0.32112.339
MinimumVisualStudioVersion = 10.0.40219.1
Project("{FAE04EC0-301F-11D3-BF4B-00C04F79EFBC}") = "1stEx", "1stEx\1stEx.csproj", "{F8A0ABDE-6E40-4797-92A0-E1891314B1DB}"
EndProject
Project("{FAE04EC0-301F-11D3-BF4B-00C04F79EFBC}") = "2ndEx", "2ndEx\2ndEx.csproj", "{041A3EDC-C038-4183-994C-A73B5A04A467}"
EndProject
Global
	GlobalSection(SolutionConfigurationPlatforms) = preSolution
		Debug|Any CPU = Debug|Any CPU
		Release|Any CPU = Release|Any CPU
	EndGlobalSection
	GlobalSection(ProjectConfigurationPlatforms) = postSolution
		{F8A0ABDE-6E40-4797-92A0-E1891314B1DB}.Debug|Any CPU.ActiveCfg = Debug|Any CPU
		{F8A0ABDE-6E40-4797-92A0-E1891314B1DB}.Debug|Any CPU.Build.0 = Debug|Any CPU
		{F8A0ABDE-6E40-4797-92A0-E1891314B1DB}.Release|Any CPU.ActiveCfg = Release|Any CPU
		{F8A0ABDE-6E40-4797-92A0-E1891314B1DB}.Release|Any CPU.Build.0 = Release|Any CPU
		{041A3EDC-C038-4183-994C-A73B5A04A467}.Debug|Any CPU.ActiveCfg = Debug|Any CPU
		{041A3EDC-C038-4183-994C-A73B5A04A467}.Debug|Any CPU.Build.0 = Debug|Any CPU
		{041A3EDC-C038-4183-994C-A73B5A04A467}.Release|Any CPU.ActiveCfg = Release|Any CPU
		{041A3EDC-C038-4183-994C-A73B5A04A467}.Release|Any CPU.Build.0 = Release|Any CPU
	EndGlobalSection
	GlobalSection(SolutionProperties) = preSolution
		HideSolutionNode = FALSE
	EndGlobalSection
	GlobalSection(ExtensibilityGlobals) = postSolution
		SolutionGuid = {44C8BCB1-0CB1-4B32-917A-B526EC74A0ED}
	EndGlobalSection
EndGlobal
