
Microsoft Visual Studio Solution File, Format Version 12.00
# Visual Studio Version 16
VisualStudioVersion = 16.0.30907.101
MinimumVisualStudioVersion = 10.0.40219.1
Project("{FAE04EC0-301F-11D3-BF4B-00C04F79EFBC}") = "1ex", "1ex\1ex.csproj", "{E569A45C-746D-4B04-9FA4-087F6F8061CE}"
EndProject
Project("{FAE04EC0-301F-11D3-BF4B-00C04F79EFBC}") = "2ex", "2ex\2ex.csproj", "{AC3C3A34-BA21-4238-A5C2-148B06321D8F}"
EndProject
Global
	GlobalSection(SolutionConfigurationPlatforms) = preSolution
		Debug|Any CPU = Debug|Any CPU
		Release|Any CPU = Release|Any CPU
	EndGlobalSection
	GlobalSection(ProjectConfigurationPlatforms) = postSolution
		{E569A45C-746D-4B04-9FA4-087F6F8061CE}.Debug|Any CPU.ActiveCfg = Debug|Any CPU
		{E569A45C-746D-4B04-9FA4-087F6F8061CE}.Debug|Any CPU.Build.0 = Debug|Any CPU
		{E569A45C-746D-4B04-9FA4-087F6F8061CE}.Release|Any CPU.ActiveCfg = Release|Any CPU
		{E569A45C-746D-4B04-9FA4-087F6F8061CE}.Release|Any CPU.Build.0 = Release|Any CPU
		{AC3C3A34-BA21-4238-A5C2-148B06321D8F}.Debug|Any CPU.ActiveCfg = Debug|Any CPU
		{AC3C3A34-BA21-4238-A5C2-148B06321D8F}.Debug|Any CPU.Build.0 = Debug|Any CPU
		{AC3C3A34-BA21-4238-A5C2-148B06321D8F}.Release|Any CPU.ActiveCfg = Release|Any CPU
		{AC3C3A34-BA21-4238-A5C2-148B06321D8F}.Release|Any CPU.Build.0 = Release|Any CPU
	EndGlobalSection
	GlobalSection(SolutionProperties) = preSolution
		HideSolutionNode = FALSE
	EndGlobalSection
	GlobalSection(ExtensibilityGlobals) = postSolution
		SolutionGuid = {113BC746-9390-4091-AC0E-8A111ACA2CBF}
	EndGlobalSection
EndGlobal
