
Microsoft Visual Studio Solution File, Format Version 12.00
# Visual Studio Version 16
VisualStudioVersion = 16.0.30907.101
MinimumVisualStudioVersion = 10.0.40219.1
Project("{FAE04EC0-301F-11D3-BF4B-00C04F79EFBC}") = "1ex", "1ex\1ex.csproj", "{BA004E17-4889-4144-BBC6-3A318893D059}"
EndProject
Project("{FAE04EC0-301F-11D3-BF4B-00C04F79EFBC}") = "2ex", "2ex\2ex.csproj", "{9E9D7DF3-4AD5-41A5-BBB6-295A7A48C6FD}"
EndProject
Global
	GlobalSection(SolutionConfigurationPlatforms) = preSolution
		Debug|Any CPU = Debug|Any CPU
		Release|Any CPU = Release|Any CPU
	EndGlobalSection
	GlobalSection(ProjectConfigurationPlatforms) = postSolution
		{BA004E17-4889-4144-BBC6-3A318893D059}.Debug|Any CPU.ActiveCfg = Debug|Any CPU
		{BA004E17-4889-4144-BBC6-3A318893D059}.Debug|Any CPU.Build.0 = Debug|Any CPU
		{BA004E17-4889-4144-BBC6-3A318893D059}.Release|Any CPU.ActiveCfg = Release|Any CPU
		{BA004E17-4889-4144-BBC6-3A318893D059}.Release|Any CPU.Build.0 = Release|Any CPU
		{9E9D7DF3-4AD5-41A5-BBB6-295A7A48C6FD}.Debug|Any CPU.ActiveCfg = Debug|Any CPU
		{9E9D7DF3-4AD5-41A5-BBB6-295A7A48C6FD}.Debug|Any CPU.Build.0 = Debug|Any CPU
		{9E9D7DF3-4AD5-41A5-BBB6-295A7A48C6FD}.Release|Any CPU.ActiveCfg = Release|Any CPU
		{9E9D7DF3-4AD5-41A5-BBB6-295A7A48C6FD}.Release|Any CPU.Build.0 = Release|Any CPU
	EndGlobalSection
	GlobalSection(SolutionProperties) = preSolution
		HideSolutionNode = FALSE
	EndGlobalSection
	GlobalSection(ExtensibilityGlobals) = postSolution
		SolutionGuid = {710D124A-A395-490B-A44A-3AD3662DA0B4}
	EndGlobalSection
EndGlobal
