
Microsoft Visual Studio Solution File, Format Version 12.00
# Visual Studio Version 16
VisualStudioVersion = 16.0.32413.511
MinimumVisualStudioVersion = 10.0.40219.1
Project("{FAE04EC0-301F-11D3-BF4B-00C04F79EFBC}") = "ais-9-pharmacy_10a_24", "ais-9-pharmacy_10a_24\ais-9-pharmacy_10a_24.csproj", "{3CC428B3-CBB3-4BA0-B7C1-07B89DF5A08F}"
EndProject
Global
	GlobalSection(SolutionConfigurationPlatforms) = preSolution
		Debug|Any CPU = Debug|Any CPU
		Release|Any CPU = Release|Any CPU
	EndGlobalSection
	GlobalSection(ProjectConfigurationPlatforms) = postSolution
		{3CC428B3-CBB3-4BA0-B7C1-07B89DF5A08F}.Debug|Any CPU.ActiveCfg = Debug|Any CPU
		{3CC428B3-CBB3-4BA0-B7C1-07B89DF5A08F}.Debug|Any CPU.Build.0 = Debug|Any CPU
		{3CC428B3-CBB3-4BA0-B7C1-07B89DF5A08F}.Release|Any CPU.ActiveCfg = Release|Any CPU
		{3CC428B3-CBB3-4BA0-B7C1-07B89DF5A08F}.Release|Any CPU.Build.0 = Release|Any CPU
	EndGlobalSection
	GlobalSection(SolutionProperties) = preSolution
		HideSolutionNode = FALSE
	EndGlobalSection
	GlobalSection(ExtensibilityGlobals) = postSolution
		SolutionGuid = {5FEE2CDA-5406-4AE5-BE0E-C92100A37C08}
	EndGlobalSection
EndGlobal
