
Microsoft Visual Studio Solution File, Format Version 12.00
# Visual Studio Version 16
VisualStudioVersion = 16.0.31129.286
MinimumVisualStudioVersion = 10.0.40219.1
Project("{FAE04EC0-301F-11D3-BF4B-00C04F79EFBC}") = "str51-zad2", "str51-zad2\str51-zad2.csproj", "{6CBEFCE3-FD1D-4485-934B-67056E57C723}"
EndProject
Project("{FAE04EC0-301F-11D3-BF4B-00C04F79EFBC}") = "str53-zad2", "str53-zad2\str53-zad2.csproj", "{747A27D5-CA2C-45EF-AC74-4DE72B8AA3DF}"
EndProject
Project("{FAE04EC0-301F-11D3-BF4B-00C04F79EFBC}") = "str53-zad3", "str53-zad3\str53-zad3.csproj", "{14FDC963-2781-4307-AC05-22FA64BE04F5}"
EndProject
Global
	GlobalSection(SolutionConfigurationPlatforms) = preSolution
		Debug|Any CPU = Debug|Any CPU
		Release|Any CPU = Release|Any CPU
	EndGlobalSection
	GlobalSection(ProjectConfigurationPlatforms) = postSolution
		{6CBEFCE3-FD1D-4485-934B-67056E57C723}.Debug|Any CPU.ActiveCfg = Debug|Any CPU
		{6CBEFCE3-FD1D-4485-934B-67056E57C723}.Debug|Any CPU.Build.0 = Debug|Any CPU
		{6CBEFCE3-FD1D-4485-934B-67056E57C723}.Release|Any CPU.ActiveCfg = Release|Any CPU
		{6CBEFCE3-FD1D-4485-934B-67056E57C723}.Release|Any CPU.Build.0 = Release|Any CPU
		{747A27D5-CA2C-45EF-AC74-4DE72B8AA3DF}.Debug|Any CPU.ActiveCfg = Debug|Any CPU
		{747A27D5-CA2C-45EF-AC74-4DE72B8AA3DF}.Debug|Any CPU.Build.0 = Debug|Any CPU
		{747A27D5-CA2C-45EF-AC74-4DE72B8AA3DF}.Release|Any CPU.ActiveCfg = Release|Any CPU
		{747A27D5-CA2C-45EF-AC74-4DE72B8AA3DF}.Release|Any CPU.Build.0 = Release|Any CPU
		{14FDC963-2781-4307-AC05-22FA64BE04F5}.Debug|Any CPU.ActiveCfg = Debug|Any CPU
		{14FDC963-2781-4307-AC05-22FA64BE04F5}.Debug|Any CPU.Build.0 = Debug|Any CPU
		{14FDC963-2781-4307-AC05-22FA64BE04F5}.Release|Any CPU.ActiveCfg = Release|Any CPU
		{14FDC963-2781-4307-AC05-22FA64BE04F5}.Release|Any CPU.Build.0 = Release|Any CPU
	EndGlobalSection
	GlobalSection(SolutionProperties) = preSolution
		HideSolutionNode = FALSE
	EndGlobalSection
	GlobalSection(ExtensibilityGlobals) = postSolution
		SolutionGuid = {6A5095C6-E694-40A1-9531-0F776198C5BC}
	EndGlobalSection
EndGlobal
