
Microsoft Visual Studio Solution File, Format Version 12.00
# Visual Studio Version 16
VisualStudioVersion = 16.0.30517.126
MinimumVisualStudioVersion = 10.0.40219.1
Project("{9A19103F-16F7-4668-BE54-9A1E7A4F7556}") = "Program", "Program\Program.csproj", "{20FB3FCD-111F-468B-8908-664084B8BC63}"
EndProject
Project("{FAE04EC0-301F-11D3-BF4B-00C04F79EFBC}") = "Circle", "..\Circle\Circle.csproj", "{32F2FFC3-EACC-4AA0-92E3-FEEF92782037}"
EndProject
Global
	GlobalSection(SolutionConfigurationPlatforms) = preSolution
		Debug|Any CPU = Debug|Any CPU
		Release|Any CPU = Release|Any CPU
	EndGlobalSection
	GlobalSection(ProjectConfigurationPlatforms) = postSolution
		{20FB3FCD-111F-468B-8908-664084B8BC63}.Debug|Any CPU.ActiveCfg = Debug|Any CPU
		{20FB3FCD-111F-468B-8908-664084B8BC63}.Debug|Any CPU.Build.0 = Debug|Any CPU
		{20FB3FCD-111F-468B-8908-664084B8BC63}.Release|Any CPU.ActiveCfg = Release|Any CPU
		{20FB3FCD-111F-468B-8908-664084B8BC63}.Release|Any CPU.Build.0 = Release|Any CPU
		{32F2FFC3-EACC-4AA0-92E3-FEEF92782037}.Debug|Any CPU.ActiveCfg = Debug|Any CPU
		{32F2FFC3-EACC-4AA0-92E3-FEEF92782037}.Debug|Any CPU.Build.0 = Debug|Any CPU
		{32F2FFC3-EACC-4AA0-92E3-FEEF92782037}.Release|Any CPU.ActiveCfg = Release|Any CPU
		{32F2FFC3-EACC-4AA0-92E3-FEEF92782037}.Release|Any CPU.Build.0 = Release|Any CPU
	EndGlobalSection
	GlobalSection(SolutionProperties) = preSolution
		HideSolutionNode = FALSE
	EndGlobalSection
	GlobalSection(ExtensibilityGlobals) = postSolution
		SolutionGuid = {2070F02B-9C2F-4D24-AB38-16FFE5868B35}
	EndGlobalSection
EndGlobal
