
Microsoft Visual Studio Solution File, Format Version 12.00
# Visual Studio Version 16
VisualStudioVersion = 16.0.30907.101
MinimumVisualStudioVersion = 10.0.40219.1
Project("{FAE04EC0-301F-11D3-BF4B-00C04F79EFBC}") = "App", "App\App.csproj", "{E635833A-5208-43B1-857B-1A0CF8C01469}"
EndProject
Global
	GlobalSection(SolutionConfigurationPlatforms) = preSolution
		Debug|Any CPU = Debug|Any CPU
		Release|Any CPU = Release|Any CPU
	EndGlobalSection
	GlobalSection(ProjectConfigurationPlatforms) = postSolution
		{E635833A-5208-43B1-857B-1A0CF8C01469}.Debug|Any CPU.ActiveCfg = Debug|Any CPU
		{E635833A-5208-43B1-857B-1A0CF8C01469}.Debug|Any CPU.Build.0 = Debug|Any CPU
		{E635833A-5208-43B1-857B-1A0CF8C01469}.Release|Any CPU.ActiveCfg = Release|Any CPU
		{E635833A-5208-43B1-857B-1A0CF8C01469}.Release|Any CPU.Build.0 = Release|Any CPU
	EndGlobalSection
	GlobalSection(SolutionProperties) = preSolution
		HideSolutionNode = FALSE
	EndGlobalSection
	GlobalSection(ExtensibilityGlobals) = postSolution
		SolutionGuid = {CCE071C6-896A-4AD8-A47D-466B9DD7061C}
	EndGlobalSection
EndGlobal
